
Microsoft Visual Studio Solution File, Format Version 12.00
# Visual Studio Version 16
VisualStudioVersion = 16.0.29306.81
MinimumVisualStudioVersion = 10.0.40219.1
Project("{FAE04EC0-301F-11D3-BF4B-00C04F79EFBC}") = "Join.AuditManagement.Notifications", "Join.AuditManagement.Notifications\Join.AuditManagement.Notifications.csproj", "{D34EE2F5-22F0-43F9-B21C-1ACA1D685506}"
EndProject
Project("{FAE04EC0-301F-11D3-BF4B-00C04F79EFBC}") = "TestConsoleApp", "TestConsoleApp\TestConsoleApp.csproj", "{EF1D3FE2-2086-4EAE-8097-9BE59C18402E}"
EndProject
Global
	GlobalSection(SolutionConfigurationPlatforms) = preSolution
		Debug|Any CPU = Debug|Any CPU
		Release|Any CPU = Release|Any CPU
	EndGlobalSection
	GlobalSection(ProjectConfigurationPlatforms) = postSolution
		{D34EE2F5-22F0-43F9-B21C-1ACA1D685506}.Debug|Any CPU.ActiveCfg = Debug|Any CPU
		{D34EE2F5-22F0-43F9-B21C-1ACA1D685506}.Debug|Any CPU.Build.0 = Debug|Any CPU
		{D34EE2F5-22F0-43F9-B21C-1ACA1D685506}.Debug|Any CPU.Deploy.0 = Debug|Any CPU
		{D34EE2F5-22F0-43F9-B21C-1ACA1D685506}.Release|Any CPU.ActiveCfg = Release|Any CPU
		{D34EE2F5-22F0-43F9-B21C-1ACA1D685506}.Release|Any CPU.Build.0 = Release|Any CPU
		{D34EE2F5-22F0-43F9-B21C-1ACA1D685506}.Release|Any CPU.Deploy.0 = Release|Any CPU
		{EF1D3FE2-2086-4EAE-8097-9BE59C18402E}.Debug|Any CPU.ActiveCfg = Debug|Any CPU
		{EF1D3FE2-2086-4EAE-8097-9BE59C18402E}.Debug|Any CPU.Build.0 = Debug|Any CPU
		{EF1D3FE2-2086-4EAE-8097-9BE59C18402E}.Release|Any CPU.ActiveCfg = Release|Any CPU
		{EF1D3FE2-2086-4EAE-8097-9BE59C18402E}.Release|Any CPU.Build.0 = Release|Any CPU
	EndGlobalSection
	GlobalSection(SolutionProperties) = preSolution
		HideSolutionNode = FALSE
	EndGlobalSection
	GlobalSection(ExtensibilityGlobals) = postSolution
		SolutionGuid = {19FDF244-BB89-4C28-93B9-9B06D2CF49FE}
	EndGlobalSection
EndGlobal
